
Microsoft Visual Studio Solution File, Format Version 12.00
# Visual Studio Version 16
VisualStudioVersion = 16.0.29920.165
MinimumVisualStudioVersion = 10.0.40219.1
Project("{FAE04EC0-301F-11D3-BF4B-00C04F79EFBC}") = "YoutubeDownloader", "YoutubeDownloader\YoutubeDownloader.csproj", "{925EE1C8-1764-46B4-994A-D4932998324E}"
EndProject
Project("{54435603-DBB4-11D2-8724-00A0C9A8B90C}") = "Installer", "Installer\Installer.vdproj", "{F9256A0B-4CDF-4516-8B5E-E3F1B80C9F1B}"
EndProject
Global
	GlobalSection(SolutionConfigurationPlatforms) = preSolution
		Debug|Any CPU = Debug|Any CPU
		Release|Any CPU = Release|Any CPU
	EndGlobalSection
	GlobalSection(ProjectConfigurationPlatforms) = postSolution
		{925EE1C8-1764-46B4-994A-D4932998324E}.Debug|Any CPU.ActiveCfg = Debug|Any CPU
		{925EE1C8-1764-46B4-994A-D4932998324E}.Debug|Any CPU.Build.0 = Debug|Any CPU
		{925EE1C8-1764-46B4-994A-D4932998324E}.Release|Any CPU.ActiveCfg = Release|Any CPU
		{925EE1C8-1764-46B4-994A-D4932998324E}.Release|Any CPU.Build.0 = Release|Any CPU
		{F9256A0B-4CDF-4516-8B5E-E3F1B80C9F1B}.Debug|Any CPU.ActiveCfg = Debug
		{F9256A0B-4CDF-4516-8B5E-E3F1B80C9F1B}.Release|Any CPU.ActiveCfg = Release
	EndGlobalSection
	GlobalSection(SolutionProperties) = preSolution
		HideSolutionNode = FALSE
	EndGlobalSection
	GlobalSection(ExtensibilityGlobals) = postSolution
		SolutionGuid = {E1051BD7-E32F-4EAD-8B86-28555B0E31DE}
	EndGlobalSection
EndGlobal
